// !$*UTF8*$!
{
	archiveVersion = 1;
	classes = {
	};
	objectVersion = 46;
	objects = {

/* Begin PBXBuildFile section */
		58241A7B19291235006CD0B7 /* 0.jpg in Resources */ = {isa = PBXBuildFile; fileRef = 58241A6B19291235006CD0B7 /* 0.jpg */; };
		58241A7C19291235006CD0B7 /* 001.jpg in Resources */ = {isa = PBXBuildFile; fileRef = 58241A6C19291235006CD0B7 /* 001.jpg */; };
		58241A7D19291235006CD0B7 /* 002.jpg in Resources */ = {isa = PBXBuildFile; fileRef = 58241A6D19291235006CD0B7 /* 002.jpg */; };
		58241A7E19291235006CD0B7 /* 003.jpg in Resources */ = {isa = PBXBuildFile; fileRef = 58241A6E19291235006CD0B7 /* 003.jpg */; };
		58241A7F19291235006CD0B7 /* 004.jpg in Resources */ = {isa = PBXBuildFile; fileRef = 58241A6F19291235006CD0B7 /* 004.jpg */; };
		58241A8019291235006CD0B7 /* 005.jpg in Resources */ = {isa = PBXBuildFile; fileRef = 58241A7019291235006CD0B7 /* 005.jpg */; };
		58241A8119291235006CD0B7 /* 006.jpg in Resources */ = {isa = PBXBuildFile; fileRef = 58241A7119291235006CD0B7 /* 006.jpg */; };
		58241A8219291235006CD0B7 /* 007.jpg in Resources */ = {isa = PBXBuildFile; fileRef = 58241A7219291235006CD0B7 /* 007.jpg */; };
		58241A8319291235006CD0B7 /* 008.jpg in Resources */ = {isa = PBXBuildFile; fileRef = 58241A7319291235006CD0B7 /* 008.jpg */; };
		58241A8419291235006CD0B7 /* 1.jpg in Resources */ = {isa = PBXBuildFile; fileRef = 58241A7419291235006CD0B7 /* 1.jpg */; };
		58241A8519291235006CD0B7 /* 2.jpg in Resources */ = {isa = PBXBuildFile; fileRef = 58241A7519291235006CD0B7 /* 2.jpg */; };
		58241A8619291235006CD0B7 /* 3.jpg in Resources */ = {isa = PBXBuildFile; fileRef = 58241A7619291235006CD0B7 /* 3.jpg */; };
		58241A8719291235006CD0B7 /* 4.jpg in Resources */ = {isa = PBXBuildFile; fileRef = 58241A7719291235006CD0B7 /* 4.jpg */; };
		58241A8819291235006CD0B7 /* 5.jpg in Resources */ = {isa = PBXBuildFile; fileRef = 58241A7819291235006CD0B7 /* 5.jpg */; };
		58241A8919291235006CD0B7 /* user.png in Resources */ = {isa = PBXBuildFile; fileRef = 58241A7919291235006CD0B7 /* user.png */; };
		58241A8A19291235006CD0B7 /* userPic.jpg in Resources */ = {isa = PBXBuildFile; fileRef = 58241A7A19291235006CD0B7 /* userPic.jpg */; };
		58241A8C192912EB006CD0B7 /* libz.dylib in Frameworks */ = {isa = PBXBuildFile; fileRef = 58241A8B192912EB006CD0B7 /* libz.dylib */; };
		58241A8E192912F3006CD0B7 /* SystemConfiguration.framework in Frameworks */ = {isa = PBXBuildFile; fileRef = 58241A8D192912F3006CD0B7 /* SystemConfiguration.framework */; };
		58241A90192912FB006CD0B7 /* MobileCoreServices.framework in Frameworks */ = {isa = PBXBuildFile; fileRef = 58241A8F192912FB006CD0B7 /* MobileCoreServices.framework */; };
		58241A9219291302006CD0B7 /* CFNetwork.framework in Frameworks */ = {isa = PBXBuildFile; fileRef = 58241A9119291302006CD0B7 /* CFNetwork.framework */; };
		58241A941929130A006CD0B7 /* CoreLocation.framework in Frameworks */ = {isa = PBXBuildFile; fileRef = 58241A931929130A006CD0B7 /* CoreLocation.framework */; };
		58241AC719291763006CD0B7 /* ASIAuthenticationDialog.m in Sources */ = {isa = PBXBuildFile; fileRef = 58241A9719291763006CD0B7 /* ASIAuthenticationDialog.m */; settings = {COMPILER_FLAGS = "-fno-objc-arc"; }; };
		58241AC819291763006CD0B7 /* ASIDataCompressor.m in Sources */ = {isa = PBXBuildFile; fileRef = 58241A9A19291763006CD0B7 /* ASIDataCompressor.m */; settings = {COMPILER_FLAGS = "-fno-objc-arc"; }; };
		58241AC919291763006CD0B7 /* ASIDataDecompressor.m in Sources */ = {isa = PBXBuildFile; fileRef = 58241A9C19291763006CD0B7 /* ASIDataDecompressor.m */; settings = {COMPILER_FLAGS = "-fno-objc-arc"; }; };
		58241ACA19291763006CD0B7 /* ASIDownloadCache.m in Sources */ = {isa = PBXBuildFile; fileRef = 58241A9E19291763006CD0B7 /* ASIDownloadCache.m */; settings = {COMPILER_FLAGS = "-fno-objc-arc"; }; };
		58241ACB19291763006CD0B7 /* ASIFormDataRequest.m in Sources */ = {isa = PBXBuildFile; fileRef = 58241AA019291763006CD0B7 /* ASIFormDataRequest.m */; settings = {COMPILER_FLAGS = "-fno-objc-arc"; }; };
		58241ACC19291763006CD0B7 /* ASIHTTPRequest.m in Sources */ = {isa = PBXBuildFile; fileRef = 58241AA219291763006CD0B7 /* ASIHTTPRequest.m */; settings = {COMPILER_FLAGS = "-fno-objc-arc"; }; };
		58241ACD19291763006CD0B7 /* ASIInputStream.m in Sources */ = {isa = PBXBuildFile; fileRef = 58241AA619291763006CD0B7 /* ASIInputStream.m */; settings = {COMPILER_FLAGS = "-fno-objc-arc"; }; };
		58241ACE19291763006CD0B7 /* ASINetworkQueue.m in Sources */ = {isa = PBXBuildFile; fileRef = 58241AA819291763006CD0B7 /* ASINetworkQueue.m */; settings = {COMPILER_FLAGS = "-fno-objc-arc"; }; };
		58241ACF19291763006CD0B7 /* AsyncImageView.m in Sources */ = {isa = PBXBuildFile; fileRef = 58241AAC19291763006CD0B7 /* AsyncImageView.m */; };
		58241AD019291763006CD0B7 /* XLCycleScrollView.m in Sources */ = {isa = PBXBuildFile; fileRef = 58241AAF19291763006CD0B7 /* XLCycleScrollView.m */; settings = {COMPILER_FLAGS = "-fno-objc-arc"; }; };
		58241AD119291763006CD0B7 /* JSONKit.m in Sources */ = {isa = PBXBuildFile; fileRef = 58241AB219291763006CD0B7 /* JSONKit.m */; settings = {COMPILER_FLAGS = "-fno-objc-arc"; }; };
		58241AD219291763006CD0B7 /* Reachability.m in Sources */ = {isa = PBXBuildFile; fileRef = 58241AB519291763006CD0B7 /* Reachability.m */; settings = {COMPILER_FLAGS = "-fno-objc-arc"; }; };
		58241AD319291763006CD0B7 /* StatusView.m in Sources */ = {isa = PBXBuildFile; fileRef = 58241AB819291763006CD0B7 /* StatusView.m */; settings = {COMPILER_FLAGS = "-fno-objc-arc"; }; };
		58241AD419291763006CD0B7 /* backgroundStar.png in Resources */ = {isa = PBXBuildFile; fileRef = 58241ABB19291763006CD0B7 /* backgroundStar.png */; };
		58241AD519291763006CD0B7 /* backgroundStar1.png in Resources */ = {isa = PBXBuildFile; fileRef = 58241ABC19291763006CD0B7 /* backgroundStar1.png */; };
		58241AD619291763006CD0B7 /* backgroundStar1@2x.png in Resources */ = {isa = PBXBuildFile; fileRef = 58241ABD19291763006CD0B7 /* backgroundStar1@2x.png */; };
		58241AD719291763006CD0B7 /* backgroundStar2.png in Resources */ = {isa = PBXBuildFile; fileRef = 58241ABE19291763006CD0B7 /* backgroundStar2.png */; };
		58241AD819291763006CD0B7 /* backgroundStar2@2x.png in Resources */ = {isa = PBXBuildFile; fileRef = 58241ABF19291763006CD0B7 /* backgroundStar2@2x.png */; };
		58241AD919291763006CD0B7 /* backgroundStar@2x.png in Resources */ = {isa = PBXBuildFile; fileRef = 58241AC019291763006CD0B7 /* backgroundStar@2x.png */; };
		58241ADA19291763006CD0B7 /* foregroundStar.png in Resources */ = {isa = PBXBuildFile; fileRef = 58241AC119291763006CD0B7 /* foregroundStar.png */; };
		58241ADB19291763006CD0B7 /* foregroundStar1@2x副本.png in Resources */ = {isa = PBXBuildFile; fileRef = 58241AC219291763006CD0B7 /* foregroundStar1@2x副本.png */; };
		58241ADC19291763006CD0B7 /* foregroundStar1副本.png in Resources */ = {isa = PBXBuildFile; fileRef = 58241AC319291763006CD0B7 /* foregroundStar1副本.png */; };
		58241ADD19291763006CD0B7 /* foregroundStar@2x.png in Resources */ = {isa = PBXBuildFile; fileRef = 58241AC419291763006CD0B7 /* foregroundStar@2x.png */; };
		58241ADE19291763006CD0B7 /* TQStarRatingView.m in Sources */ = {isa = PBXBuildFile; fileRef = 58241AC619291763006CD0B7 /* TQStarRatingView.m */; };
		58D1B23E18DDDDF000D06CD4 /* Foundation.framework in Frameworks */ = {isa = PBXBuildFile; fileRef = 58D1B23D18DDDDF000D06CD4 /* Foundation.framework */; };
		58D1B24018DDDDF000D06CD4 /* CoreGraphics.framework in Frameworks */ = {isa = PBXBuildFile; fileRef = 58D1B23F18DDDDF000D06CD4 /* CoreGraphics.framework */; };
		58D1B24218DDDDF000D06CD4 /* UIKit.framework in Frameworks */ = {isa = PBXBuildFile; fileRef = 58D1B24118DDDDF000D06CD4 /* UIKit.framework */; };
		58D1B25918DDDDF000D06CD4 /* Images.xcassets in Resources */ = {isa = PBXBuildFile; fileRef = 58D1B25818DDDDF000D06CD4 /* Images.xcassets */; };
		58D1B26018DDDDF000D06CD4 /* XCTest.framework in Frameworks */ = {isa = PBXBuildFile; fileRef = 58D1B25F18DDDDF000D06CD4 /* XCTest.framework */; };
		58D1B26118DDDDF000D06CD4 /* Foundation.framework in Frameworks */ = {isa = PBXBuildFile; fileRef = 58D1B23D18DDDDF000D06CD4 /* Foundation.framework */; };
		58D1B26218DDDDF000D06CD4 /* UIKit.framework in Frameworks */ = {isa = PBXBuildFile; fileRef = 58D1B24118DDDDF000D06CD4 /* UIKit.framework */; };
		58D1B26A18DDDDF000D06CD4 /* InfoPlist.strings in Resources */ = {isa = PBXBuildFile; fileRef = 58D1B26818DDDDF000D06CD4 /* InfoPlist.strings */; };
		58D1B26C18DDDDF000D06CD4 /* LifeCircleTests.m in Sources */ = {isa = PBXBuildFile; fileRef = 58D1B26B18DDDDF000D06CD4 /* LifeCircleTests.m */; };
		58D43B5A192910B300FC1F11 /* AppDelegate.m in Sources */ = {isa = PBXBuildFile; fileRef = 58D43A98192910B300FC1F11 /* AppDelegate.m */; };
		58D43B5B192910B300FC1F11 /* Main.storyboard in Resources */ = {isa = PBXBuildFile; fileRef = 58D43A9A192910B300FC1F11 /* Main.storyboard */; };
		58D43B5C192910B300FC1F11 /* Main.storyboard in Resources */ = {isa = PBXBuildFile; fileRef = 58D43A9C192910B300FC1F11 /* Main.storyboard */; };
		58D43B5D192910B300FC1F11 /* DescriptionCell.xib in Resources */ = {isa = PBXBuildFile; fileRef = 58D43A9E192910B300FC1F11 /* DescriptionCell.xib */; };
		58D43B5E192910B300FC1F11 /* InfoPlist.strings in Resources */ = {isa = PBXBuildFile; fileRef = 58D43AA0192910B300FC1F11 /* InfoPlist.strings */; };
		58D43B60192910B300FC1F11 /* 0.png in Resources */ = {isa = PBXBuildFile; fileRef = 58D43AA5192910B300FC1F11 /* 0.png */; };
		58D43B61192910B300FC1F11 /* 0@2x.png in Resources */ = {isa = PBXBuildFile; fileRef = 58D43AA6192910B300FC1F11 /* 0@2x.png */; };
		58D43B62192910B300FC1F11 /* 1.png in Resources */ = {isa = PBXBuildFile; fileRef = 58D43AA7192910B300FC1F11 /* 1.png */; };
		58D43B63192910B300FC1F11 /* 1@2x.png in Resources */ = {isa = PBXBuildFile; fileRef = 58D43AA8192910B300FC1F11 /* 1@2x.png */; };
		58D43B64192910B300FC1F11 /* 2.png in Resources */ = {isa = PBXBuildFile; fileRef = 58D43AA9192910B300FC1F11 /* 2.png */; };
		58D43B65192910B300FC1F11 /* 2@2x.png in Resources */ = {isa = PBXBuildFile; fileRef = 58D43AAA192910B300FC1F11 /* 2@2x.png */; };
		58D43B66192910B300FC1F11 /* 3.png in Resources */ = {isa = PBXBuildFile; fileRef = 58D43AAB192910B300FC1F11 /* 3.png */; };
		58D43B67192910B300FC1F11 /* 3@2x.png in Resources */ = {isa = PBXBuildFile; fileRef = 58D43AAC192910B300FC1F11 /* 3@2x.png */; };
		58D43B68192910B300FC1F11 /* around.png in Resources */ = {isa = PBXBuildFile; fileRef = 58D43AAD192910B300FC1F11 /* around.png */; };
		58D43B69192910B300FC1F11 /* home.png in Resources */ = {isa = PBXBuildFile; fileRef = 58D43AAE192910B300FC1F11 /* home.png */; };
		58D43B6A192910B300FC1F11 /* home@2x.png in Resources */ = {isa = PBXBuildFile; fileRef = 58D43AAF192910B300FC1F11 /* home@2x.png */; };
		58D43B6B192910B300FC1F11 /* map.png in Resources */ = {isa = PBXBuildFile; fileRef = 58D43AB0192910B300FC1F11 /* map.png */; };
		58D43B6C192910B300FC1F11 /* search.png in Resources */ = {isa = PBXBuildFile; fileRef = 58D43AB1192910B300FC1F11 /* search.png */; };
		58D43B6D192910B300FC1F11 /* user.png in Resources */ = {isa = PBXBuildFile; fileRef = 58D43AB2192910B300FC1F11 /* user.png */; };
		58D43B6E192910B300FC1F11 /* user@2x.png in Resources */ = {isa = PBXBuildFile; fileRef = 58D43AB3192910B300FC1F11 /* user@2x.png */; };
		58D43B6F192910B300FC1F11 /* IndexViewController.m in Sources */ = {isa = PBXBuildFile; fileRef = 58D43AB5192910B300FC1F11 /* IndexViewController.m */; };
		58D43BA0192910B300FC1F11 /* LifeCircle-Info.plist in Resources */ = {isa = PBXBuildFile; fileRef = 58D43B19192910B300FC1F11 /* LifeCircle-Info.plist */; };
		58D43BA1192910B300FC1F11 /* main.m in Sources */ = {isa = PBXBuildFile; fileRef = 58D43B1B192910B300FC1F11 /* main.m */; };
		58D43BA2192910B300FC1F11 /* City.m in Sources */ = {isa = PBXBuildFile; fileRef = 58D43B1E192910B300FC1F11 /* City.m */; };
		58D43BA3192910B300FC1F11 /* Order.m in Sources */ = {isa = PBXBuildFile; fileRef = 58D43B20192910B300FC1F11 /* Order.m */; };
		58D43BA4192910B300FC1F11 /* Product.m in Sources */ = {isa = PBXBuildFile; fileRef = 58D43B22192910B300FC1F11 /* Product.m */; };
		58D43BA5192910B300FC1F11 /* Store.m in Sources */ = {isa = PBXBuildFile; fileRef = 58D43B24192910B300FC1F11 /* Store.m */; };
		58D43BA6192910B300FC1F11 /* Type.m in Sources */ = {isa = PBXBuildFile; fileRef = 58D43B26192910B300FC1F11 /* Type.m */; };
		58D43BA7192910B300FC1F11 /* SecondViewController.m in Sources */ = {isa = PBXBuildFile; fileRef = 58D43B28192910B300FC1F11 /* SecondViewController.m */; };
		58D43BA8192910B300FC1F11 /* url.plist in Resources */ = {isa = PBXBuildFile; fileRef = 58D43B29192910B300FC1F11 /* url.plist */; };
		58D43BA9192910B300FC1F11 /* NetWorkManager.m in Sources */ = {isa = PBXBuildFile; fileRef = 58D43B2E192910B300FC1F11 /* NetWorkManager.m */; };
		58D43BAA192910B300FC1F11 /* NSString+Price.m in Sources */ = {isa = PBXBuildFile; fileRef = 58D43B30192910B300FC1F11 /* NSString+Price.m */; };
		58D43BAB192910B300FC1F11 /* URLManager.m in Sources */ = {isa = PBXBuildFile; fileRef = 58D43B33192910B300FC1F11 /* URLManager.m */; };
		58D43BAC192910B300FC1F11 /* UserManager.m in Sources */ = {isa = PBXBuildFile; fileRef = 58D43B35192910B300FC1F11 /* UserManager.m */; };
		58D43BAD192910B300FC1F11 /* ListViewController.m in Sources */ = {isa = PBXBuildFile; fileRef = 58D43B38192910B300FC1F11 /* ListViewController.m */; };
		58D43BAE192910B300FC1F11 /* BuyTableViewController.m in Sources */ = {isa = PBXBuildFile; fileRef = 58D43B3B192910B300FC1F11 /* BuyTableViewController.m */; };
		58D43BAF192910B300FC1F11 /* BuyViewController.m in Sources */ = {isa = PBXBuildFile; fileRef = 58D43B3D192910B300FC1F11 /* BuyViewController.m */; };
		58D43BB0192910B300FC1F11 /* GradeViewController.m in Sources */ = {isa = PBXBuildFile; fileRef = 58D43B3F192910B300FC1F11 /* GradeViewController.m */; };
		58D43BB1192910B300FC1F11 /* InfoViewController.m in Sources */ = {isa = PBXBuildFile; fileRef = 58D43B41192910B300FC1F11 /* InfoViewController.m */; };
		58D43BB2192910B300FC1F11 /* LoginViewController.m in Sources */ = {isa = PBXBuildFile; fileRef = 58D43B44192910B300FC1F11 /* LoginViewController.m */; };
		58D43BB3192910B300FC1F11 /* OrderListViewController.m in Sources */ = {isa = PBXBuildFile; fileRef = 58D43B46192910B300FC1F11 /* OrderListViewController.m */; };
		58D43BB4192910B300FC1F11 /* RegisterViewController.m in Sources */ = {isa = PBXBuildFile; fileRef = 58D43B49192910B300FC1F11 /* RegisterViewController.m */; };
		58D43BB5192910B300FC1F11 /* UserCenterViewController.m in Sources */ = {isa = PBXBuildFile; fileRef = 58D43B4B192910B300FC1F11 /* UserCenterViewController.m */; };
		58D43BB6192910B300FC1F11 /* DescriptionCell.m in Sources */ = {isa = PBXBuildFile; fileRef = 58D43B4E192910B300FC1F11 /* DescriptionCell.m */; };
		58D43BB7192910B300FC1F11 /* DropDownListView.m in Sources */ = {isa = PBXBuildFile; fileRef = 58D43B50192910B300FC1F11 /* DropDownListView.m */; };
		58D43BB8192910B300FC1F11 /* ImageCell.m in Sources */ = {isa = PBXBuildFile; fileRef = 58D43B52192910B300FC1F11 /* ImageCell.m */; };
		58D43BB9192910B300FC1F11 /* ImageCell.xib in Resources */ = {isa = PBXBuildFile; fileRef = 58D43B53192910B300FC1F11 /* ImageCell.xib */; };
		58D43BBA192910B300FC1F11 /* PriceLabelCell.m in Sources */ = {isa = PBXBuildFile; fileRef = 58D43B55192910B300FC1F11 /* PriceLabelCell.m */; };
		58D43BBB192910B300FC1F11 /* PriceLabelCell.xib in Resources */ = {isa = PBXBuildFile; fileRef = 58D43B56192910B300FC1F11 /* PriceLabelCell.xib */; };
		58D43BBC192910B300FC1F11 /* StoreCell.m in Sources */ = {isa = PBXBuildFile; fileRef = 58D43B58192910B300FC1F11 /* StoreCell.m */; };
		58D43BBD192910B300FC1F11 /* StoreCell.xib in Resources */ = {isa = PBXBuildFile; fileRef = 58D43B59192910B300FC1F11 /* StoreCell.xib */; };
/* End PBXBuildFile section */

/* Begin PBXContainerItemProxy section */
		58D1B26318DDDDF000D06CD4 /* PBXContainerItemProxy */ = {
			isa = PBXContainerItemProxy;
			containerPortal = 58D1B23218DDDDF000D06CD4 /* Project object */;
			proxyType = 1;
			remoteGlobalIDString = 58D1B23918DDDDF000D06CD4;
			remoteInfo = LifeCircle;
		};
/* End PBXContainerItemProxy section */

/* Begin PBXFileReference section */
		58241A6B19291235006CD0B7 /* 0.jpg */ = {isa = PBXFileReference; lastKnownFileType = image.jpeg; path = 0.jpg; sourceTree = "<group>"; };
		58241A6C19291235006CD0B7 /* 001.jpg */ = {isa = PBXFileReference; lastKnownFileType = image.jpeg; path = 001.jpg; sourceTree = "<group>"; };
		58241A6D19291235006CD0B7 /* 002.jpg */ = {isa = PBXFileReference; lastKnownFileType = image.jpeg; path = 002.jpg; sourceTree = "<group>"; };
		58241A6E19291235006CD0B7 /* 003.jpg */ = {isa = PBXFileReference; lastKnownFileType = image.jpeg; path = 003.jpg; sourceTree = "<group>"; };
		58241A6F19291235006CD0B7 /* 004.jpg */ = {isa = PBXFileReference; lastKnownFileType = image.jpeg; path = 004.jpg; sourceTree = "<group>"; };
		58241A7019291235006CD0B7 /* 005.jpg */ = {isa = PBXFileReference; lastKnownFileType = image.jpeg; path = 005.jpg; sourceTree = "<group>"; };
		58241A7119291235006CD0B7 /* 006.jpg */ = {isa = PBXFileReference; lastKnownFileType = image.jpeg; path = 006.jpg; sourceTree = "<group>"; };
		58241A7219291235006CD0B7 /* 007.jpg */ = {isa = PBXFileReference; lastKnownFileType = image.jpeg; path = 007.jpg; sourceTree = "<group>"; };
		58241A7319291235006CD0B7 /* 008.jpg */ = {isa = PBXFileReference; lastKnownFileType = image.jpeg; path = 008.jpg; sourceTree = "<group>"; };
		58241A7419291235006CD0B7 /* 1.jpg */ = {isa = PBXFileReference; lastKnownFileType = image.jpeg; path = 1.jpg; sourceTree = "<group>"; };
		58241A7519291235006CD0B7 /* 2.jpg */ = {isa = PBXFileReference; lastKnownFileType = image.jpeg; path = 2.jpg; sourceTree = "<group>"; };
		58241A7619291235006CD0B7 /* 3.jpg */ = {isa = PBXFileReference; lastKnownFileType = image.jpeg; path = 3.jpg; sourceTree = "<group>"; };
		58241A7719291235006CD0B7 /* 4.jpg */ = {isa = PBXFileReference; lastKnownFileType = image.jpeg; path = 4.jpg; sourceTree = "<group>"; };
		58241A7819291235006CD0B7 /* 5.jpg */ = {isa = PBXFileReference; lastKnownFileType = image.jpeg; path = 5.jpg; sourceTree = "<group>"; };
		58241A7919291235006CD0B7 /* user.png */ = {isa = PBXFileReference; lastKnownFileType = image.png; path = user.png; sourceTree = "<group>"; };
		58241A7A19291235006CD0B7 /* userPic.jpg */ = {isa = PBXFileReference; lastKnownFileType = image.jpeg; path = userPic.jpg; sourceTree = "<group>"; };
		58241A8B192912EB006CD0B7 /* libz.dylib */ = {isa = PBXFileReference; lastKnownFileType = "compiled.mach-o.dylib"; name = libz.dylib; path = usr/lib/libz.dylib; sourceTree = SDKROOT; };
		58241A8D192912F3006CD0B7 /* SystemConfiguration.framework */ = {isa = PBXFileReference; lastKnownFileType = wrapper.framework; name = SystemConfiguration.framework; path = System/Library/Frameworks/SystemConfiguration.framework; sourceTree = SDKROOT; };
		58241A8F192912FB006CD0B7 /* MobileCoreServices.framework */ = {isa = PBXFileReference; lastKnownFileType = wrapper.framework; name = MobileCoreServices.framework; path = System/Library/Frameworks/MobileCoreServices.framework; sourceTree = SDKROOT; };
		58241A9119291302006CD0B7 /* CFNetwork.framework */ = {isa = PBXFileReference; lastKnownFileType = wrapper.framework; name = CFNetwork.framework; path = System/Library/Frameworks/CFNetwork.framework; sourceTree = SDKROOT; };
		58241A931929130A006CD0B7 /* CoreLocation.framework */ = {isa = PBXFileReference; lastKnownFileType = wrapper.framework; name = CoreLocation.framework; path = System/Library/Frameworks/CoreLocation.framework; sourceTree = SDKROOT; };
		58241A9619291763006CD0B7 /* ASIAuthenticationDialog.h */ = {isa = PBXFileReference; fileEncoding = 4; lastKnownFileType = sourcecode.c.h; path = ASIAuthenticationDialog.h; sourceTree = "<group>"; };
		58241A9719291763006CD0B7 /* ASIAuthenticationDialog.m */ = {isa = PBXFileReference; fileEncoding = 4; lastKnownFileType = sourcecode.c.objc; path = ASIAuthenticationDialog.m; sourceTree = "<group>"; };
		58241A9819291763006CD0B7 /* ASICacheDelegate.h */ = {isa = PBXFileReference; fileEncoding = 4; lastKnownFileType = sourcecode.c.h; path = ASICacheDelegate.h; sourceTree = "<group>"; };
		58241A9919291763006CD0B7 /* ASIDataCompressor.h */ = {isa = PBXFileReference; fileEncoding = 4; lastKnownFileType = sourcecode.c.h; path = ASIDataCompressor.h; sourceTree = "<group>"; };
		58241A9A19291763006CD0B7 /* ASIDataCompressor.m */ = {isa = PBXFileReference; fileEncoding = 4; lastKnownFileType = sourcecode.c.objc; path = ASIDataCompressor.m; sourceTree = "<group>"; };
		58241A9B19291763006CD0B7 /* ASIDataDecompressor.h */ = {isa = PBXFileReference; fileEncoding = 4; lastKnownFileType = sourcecode.c.h; path = ASIDataDecompressor.h; sourceTree = "<group>"; };
		58241A9C19291763006CD0B7 /* ASIDataDecompressor.m */ = {isa = PBXFileReference; fileEncoding = 4; lastKnownFileType = sourcecode.c.objc; path = ASIDataDecompressor.m; sourceTree = "<group>"; };
		58241A9D19291763006CD0B7 /* ASIDownloadCache.h */ = {isa = PBXFileReference; fileEncoding = 4; lastKnownFileType = sourcecode.c.h; path = ASIDownloadCache.h; sourceTree = "<group>"; };
		58241A9E19291763006CD0B7 /* ASIDownloadCache.m */ = {isa = PBXFileReference; fileEncoding = 4; lastKnownFileType = sourcecode.c.objc; path = ASIDownloadCache.m; sourceTree = "<group>"; };
		58241A9F19291763006CD0B7 /* ASIFormDataRequest.h */ = {isa = PBXFileReference; fileEncoding = 4; lastKnownFileType = sourcecode.c.h; path = ASIFormDataRequest.h; sourceTree = "<group>"; };
		58241AA019291763006CD0B7 /* ASIFormDataRequest.m */ = {isa = PBXFileReference; fileEncoding = 4; lastKnownFileType = sourcecode.c.objc; path = ASIFormDataRequest.m; sourceTree = "<group>"; };
		58241AA119291763006CD0B7 /* ASIHTTPRequest.h */ = {isa = PBXFileReference; fileEncoding = 4; lastKnownFileType = sourcecode.c.h; path = ASIHTTPRequest.h; sourceTree = "<group>"; };
		58241AA219291763006CD0B7 /* ASIHTTPRequest.m */ = {isa = PBXFileReference; fileEncoding = 4; lastKnownFileType = sourcecode.c.objc; path = ASIHTTPRequest.m; sourceTree = "<group>"; };
		58241AA319291763006CD0B7 /* ASIHTTPRequestConfig.h */ = {isa = PBXFileReference; fileEncoding = 4; lastKnownFileType = sourcecode.c.h; path = ASIHTTPRequestConfig.h; sourceTree = "<group>"; };
		58241AA419291763006CD0B7 /* ASIHTTPRequestDelegate.h */ = {isa = PBXFileReference; fileEncoding = 4; lastKnownFileType = sourcecode.c.h; path = ASIHTTPRequestDelegate.h; sourceTree = "<group>"; };
		58241AA519291763006CD0B7 /* ASIInputStream.h */ = {isa = PBXFileReference; fileEncoding = 4; lastKnownFileType = sourcecode.c.h; path = ASIInputStream.h; sourceTree = "<group>"; };
		58241AA619291763006CD0B7 /* ASIInputStream.m */ = {isa = PBXFileReference; fileEncoding = 4; lastKnownFileType = sourcecode.c.objc; path = ASIInputStream.m; sourceTree = "<group>"; };
		58241AA719291763006CD0B7 /* ASINetworkQueue.h */ = {isa = PBXFileReference; fileEncoding = 4; lastKnownFileType = sourcecode.c.h; path = ASINetworkQueue.h; sourceTree = "<group>"; };
		58241AA819291763006CD0B7 /* ASINetworkQueue.m */ = {isa = PBXFileReference; fileEncoding = 4; lastKnownFileType = sourcecode.c.objc; path = ASINetworkQueue.m; sourceTree = "<group>"; };
		58241AA919291763006CD0B7 /* ASIProgressDelegate.h */ = {isa = PBXFileReference; fileEncoding = 4; lastKnownFileType = sourcecode.c.h; path = ASIProgressDelegate.h; sourceTree = "<group>"; };
		58241AAB19291763006CD0B7 /* AsyncImageView.h */ = {isa = PBXFileReference; fileEncoding = 4; lastKnownFileType = sourcecode.c.h; path = AsyncImageView.h; sourceTree = "<group>"; };
		58241AAC19291763006CD0B7 /* AsyncImageView.m */ = {isa = PBXFileReference; fileEncoding = 4; lastKnownFileType = sourcecode.c.objc; path = AsyncImageView.m; sourceTree = "<group>"; };
		58241AAE19291763006CD0B7 /* XLCycleScrollView.h */ = {isa = PBXFileReference; fileEncoding = 4; lastKnownFileType = sourcecode.c.h; path = XLCycleScrollView.h; sourceTree = "<group>"; };
		58241AAF19291763006CD0B7 /* XLCycleScrollView.m */ = {isa = PBXFileReference; fileEncoding = 4; lastKnownFileType = sourcecode.c.objc; path = XLCycleScrollView.m; sourceTree = "<group>"; };
		58241AB119291763006CD0B7 /* JSONKit.h */ = {isa = PBXFileReference; fileEncoding = 4; lastKnownFileType = sourcecode.c.h; path = JSONKit.h; sourceTree = "<group>"; };
		58241AB219291763006CD0B7 /* JSONKit.m */ = {isa = PBXFileReference; fileEncoding = 4; lastKnownFileType = sourcecode.c.objc; path = JSONKit.m; sourceTree = "<group>"; };
		58241AB419291763006CD0B7 /* Reachability.h */ = {isa = PBXFileReference; fileEncoding = 4; lastKnownFileType = sourcecode.c.h; path = Reachability.h; sourceTree = "<group>"; };
		58241AB519291763006CD0B7 /* Reachability.m */ = {isa = PBXFileReference; fileEncoding = 4; lastKnownFileType = sourcecode.c.objc; path = Reachability.m; sourceTree = "<group>"; };
		58241AB719291763006CD0B7 /* StatusView.h */ = {isa = PBXFileReference; fileEncoding = 4; lastKnownFileType = sourcecode.c.h; path = StatusView.h; sourceTree = "<group>"; };
		58241AB819291763006CD0B7 /* StatusView.m */ = {isa = PBXFileReference; fileEncoding = 4; lastKnownFileType = sourcecode.c.objc; path = StatusView.m; sourceTree = "<group>"; };
		58241ABB19291763006CD0B7 /* backgroundStar.png */ = {isa = PBXFileReference; lastKnownFileType = image.png; path = backgroundStar.png; sourceTree = "<group>"; };
		58241ABC19291763006CD0B7 /* backgroundStar1.png */ = {isa = PBXFileReference; lastKnownFileType = image.png; path = backgroundStar1.png; sourceTree = "<group>"; };
		58241ABD19291763006CD0B7 /* backgroundStar1@2x.png */ = {isa = PBXFileReference; lastKnownFileType = image.png; path = "backgroundStar1@2x.png"; sourceTree = "<group>"; };
		58241ABE19291763006CD0B7 /* backgroundStar2.png */ = {isa = PBXFileReference; lastKnownFileType = image.png; path = backgroundStar2.png; sourceTree = "<group>"; };
		58241ABF19291763006CD0B7 /* backgroundStar2@2x.png */ = {isa = PBXFileReference; lastKnownFileType = image.png; path = "backgroundStar2@2x.png"; sourceTree = "<group>"; };
		58241AC019291763006CD0B7 /* backgroundStar@2x.png */ = {isa = PBXFileReference; lastKnownFileType = image.png; path = "backgroundStar@2x.png"; sourceTree = "<group>"; };
		58241AC119291763006CD0B7 /* foregroundStar.png */ = {isa = PBXFileReference; lastKnownFileType = image.png; path = foregroundStar.png; sourceTree = "<group>"; };
		58241AC219291763006CD0B7 /* foregroundStar1@2x副本.png */ = {isa = PBXFileReference; lastKnownFileType = image.png; path = "foregroundStar1@2x副本.png"; sourceTree = "<group>"; };
		58241AC319291763006CD0B7 /* foregroundStar1副本.png */ = {isa = PBXFileReference; lastKnownFileType = image.png; path = "foregroundStar1副本.png"; sourceTree = "<group>"; };
		58241AC419291763006CD0B7 /* foregroundStar@2x.png */ = {isa = PBXFileReference; lastKnownFileType = image.png; path = "foregroundStar@2x.png"; sourceTree = "<group>"; };
		58241AC519291763006CD0B7 /* TQStarRatingView.h */ = {isa = PBXFileReference; fileEncoding = 4; lastKnownFileType = sourcecode.c.h; path = TQStarRatingView.h; sourceTree = "<group>"; };
		58241AC619291763006CD0B7 /* TQStarRatingView.m */ = {isa = PBXFileReference; fileEncoding = 4; lastKnownFileType = sourcecode.c.objc; path = TQStarRatingView.m; sourceTree = "<group>"; };
		58D1B23A18DDDDF000D06CD4 /* LifeCircle.app */ = {isa = PBXFileReference; explicitFileType = wrapper.application; includeInIndex = 0; path = LifeCircle.app; sourceTree = BUILT_PRODUCTS_DIR; };
		58D1B23D18DDDDF000D06CD4 /* Foundation.framework */ = {isa = PBXFileReference; lastKnownFileType = wrapper.framework; name = Foundation.framework; path = System/Library/Frameworks/Foundation.framework; sourceTree = SDKROOT; };
		58D1B23F18DDDDF000D06CD4 /* CoreGraphics.framework */ = {isa = PBXFileReference; lastKnownFileType = wrapper.framework; name = CoreGraphics.framework; path = System/Library/Frameworks/CoreGraphics.framework; sourceTree = SDKROOT; };
		58D1B24118DDDDF000D06CD4 /* UIKit.framework */ = {isa = PBXFileReference; lastKnownFileType = wrapper.framework; name = UIKit.framework; path = System/Library/Frameworks/UIKit.framework; sourceTree = SDKROOT; };
		58D1B25818DDDDF000D06CD4 /* Images.xcassets */ = {isa = PBXFileReference; lastKnownFileType = folder.assetcatalog; path = Images.xcassets; sourceTree = "<group>"; };
		58D1B25E18DDDDF000D06CD4 /* LifeCircleTests.xctest */ = {isa = PBXFileReference; explicitFileType = wrapper.cfbundle; includeInIndex = 0; path = LifeCircleTests.xctest; sourceTree = BUILT_PRODUCTS_DIR; };
		58D1B25F18DDDDF000D06CD4 /* XCTest.framework */ = {isa = PBXFileReference; lastKnownFileType = wrapper.framework; name = XCTest.framework; path = Library/Frameworks/XCTest.framework; sourceTree = DEVELOPER_DIR; };
		58D1B26718DDDDF000D06CD4 /* LifeCircleTests-Info.plist */ = {isa = PBXFileReference; lastKnownFileType = text.plist.xml; path = "LifeCircleTests-Info.plist"; sourceTree = "<group>"; };
		58D1B26918DDDDF000D06CD4 /* en */ = {isa = PBXFileReference; lastKnownFileType = text.plist.strings; name = en; path = en.lproj/InfoPlist.strings; sourceTree = "<group>"; };
		58D1B26B18DDDDF000D06CD4 /* LifeCircleTests.m */ = {isa = PBXFileReference; lastKnownFileType = sourcecode.c.objc; path = LifeCircleTests.m; sourceTree = "<group>"; };
		58D43A97192910B300FC1F11 /* AppDelegate.h */ = {isa = PBXFileReference; fileEncoding = 4; lastKnownFileType = sourcecode.c.h; path = AppDelegate.h; sourceTree = "<group>"; };
		58D43A98192910B300FC1F11 /* AppDelegate.m */ = {isa = PBXFileReference; fileEncoding = 4; lastKnownFileType = sourcecode.c.objc; path = AppDelegate.m; sourceTree = "<group>"; };
		58D43A9B192910B300FC1F11 /* Base */ = {isa = PBXFileReference; lastKnownFileType = file.storyboard; name = Base; path = Main.storyboard; sourceTree = "<group>"; };
		58D43A9D192910B300FC1F11 /* Base */ = {isa = PBXFileReference; lastKnownFileType = file.storyboard; name = Base; path = Base.lproj/Main.storyboard; sourceTree = "<group>"; };
		58D43A9E192910B300FC1F11 /* DescriptionCell.xib */ = {isa = PBXFileReference; fileEncoding = 4; lastKnownFileType = file.xib; path = DescriptionCell.xib; sourceTree = "<group>"; };
		58D43AA1192910B300FC1F11 /* en */ = {isa = PBXFileReference; lastKnownFileType = text.plist.strings; name = en; path = InfoPlist.strings; sourceTree = "<group>"; };
		58D43AA5192910B300FC1F11 /* 0.png */ = {isa = PBXFileReference; lastKnownFileType = image.png; path = 0.png; sourceTree = "<group>"; };
		58D43AA6192910B300FC1F11 /* 0@2x.png */ = {isa = PBXFileReference; lastKnownFileType = image.png; path = "0@2x.png"; sourceTree = "<group>"; };
		58D43AA7192910B300FC1F11 /* 1.png */ = {isa = PBXFileReference; lastKnownFileType = image.png; path = 1.png; sourceTree = "<group>"; };
		58D43AA8192910B300FC1F11 /* 1@2x.png */ = {isa = PBXFileReference; lastKnownFileType = image.png; path = "1@2x.png"; sourceTree = "<group>"; };
		58D43AA9192910B300FC1F11 /* 2.png */ = {isa = PBXFileReference; lastKnownFileType = image.png; path = 2.png; sourceTree = "<group>"; };
		58D43AAA192910B300FC1F11 /* 2@2x.png */ = {isa = PBXFileReference; lastKnownFileType = image.png; path = "2@2x.png"; sourceTree = "<group>"; };
		58D43AAB192910B300FC1F11 /* 3.png */ = {isa = PBXFileReference; lastKnownFileType = image.png; path = 3.png; sourceTree = "<group>"; };
		58D43AAC192910B300FC1F11 /* 3@2x.png */ = {isa = PBXFileReference; lastKnownFileType = image.png; path = "3@2x.png"; sourceTree = "<group>"; };
		58D43AAD192910B300FC1F11 /* around.png */ = {isa = PBXFileReference; lastKnownFileType = image.png; path = around.png; sourceTree = "<group>"; };
		58D43AAE192910B300FC1F11 /* home.png */ = {isa = PBXFileReference; lastKnownFileType = image.png; path = home.png; sourceTree = "<group>"; };
		58D43AAF192910B300FC1F11 /* home@2x.png */ = {isa = PBXFileReference; lastKnownFileType = image.png; path = "home@2x.png"; sourceTree = "<group>"; };
		58D43AB0192910B300FC1F11 /* map.png */ = {isa = PBXFileReference; lastKnownFileType = image.png; path = map.png; sourceTree = "<group>"; };
		58D43AB1192910B300FC1F11 /* search.png */ = {isa = PBXFileReference; lastKnownFileType = image.png; path = search.png; sourceTree = "<group>"; };
		58D43AB2192910B300FC1F11 /* user.png */ = {isa = PBXFileReference; lastKnownFileType = image.png; path = user.png; sourceTree = "<group>"; };
		58D43AB3192910B300FC1F11 /* user@2x.png */ = {isa = PBXFileReference; lastKnownFileType = image.png; path = "user@2x.png"; sourceTree = "<group>"; };
		58D43AB4192910B300FC1F11 /* IndexViewController.h */ = {isa = PBXFileReference; fileEncoding = 4; lastKnownFileType = sourcecode.c.h; path = IndexViewController.h; sourceTree = "<group>"; };
		58D43AB5192910B300FC1F11 /* IndexViewController.m */ = {isa = PBXFileReference; fileEncoding = 4; lastKnownFileType = sourcecode.c.objc; path = IndexViewController.m; sourceTree = "<group>"; };
		58D43B19192910B300FC1F11 /* LifeCircle-Info.plist */ = {isa = PBXFileReference; fileEncoding = 4; lastKnownFileType = text.plist.xml; path = "LifeCircle-Info.plist"; sourceTree = "<group>"; };
		58D43B1A192910B300FC1F11 /* LifeCircle-Prefix.pch */ = {isa = PBXFileReference; fileEncoding = 4; lastKnownFileType = sourcecode.c.h; path = "LifeCircle-Prefix.pch"; sourceTree = "<group>"; };
		58D43B1B192910B300FC1F11 /* main.m */ = {isa = PBXFileReference; fileEncoding = 4; lastKnownFileType = sourcecode.c.objc; path = main.m; sourceTree = "<group>"; };
		58D43B1D192910B300FC1F11 /* City.h */ = {isa = PBXFileReference; fileEncoding = 4; lastKnownFileType = sourcecode.c.h; path = City.h; sourceTree = "<group>"; };
		58D43B1E192910B300FC1F11 /* City.m */ = {isa = PBXFileReference; fileEncoding = 4; lastKnownFileType = sourcecode.c.objc; path = City.m; sourceTree = "<group>"; };
		58D43B1F192910B300FC1F11 /* Order.h */ = {isa = PBXFileReference; fileEncoding = 4; lastKnownFileType = sourcecode.c.h; path = Order.h; sourceTree = "<group>"; };
		58D43B20192910B300FC1F11 /* Order.m */ = {isa = PBXFileReference; fileEncoding = 4; lastKnownFileType = sourcecode.c.objc; path = Order.m; sourceTree = "<group>"; };
		58D43B21192910B300FC1F11 /* Product.h */ = {isa = PBXFileReference; fileEncoding = 4; lastKnownFileType = sourcecode.c.h; path = Product.h; sourceTree = "<group>"; };
		58D43B22192910B300FC1F11 /* Product.m */ = {isa = PBXFileReference; fileEncoding = 4; lastKnownFileType = sourcecode.c.objc; path = Product.m; sourceTree = "<group>"; };
		58D43B23192910B300FC1F11 /* Store.h */ = {isa = PBXFileReference; fileEncoding = 4; lastKnownFileType = sourcecode.c.h; path = Store.h; sourceTree = "<group>"; };
		58D43B24192910B300FC1F11 /* Store.m */ = {isa = PBXFileReference; fileEncoding = 4; lastKnownFileType = sourcecode.c.objc; path = Store.m; sourceTree = "<group>"; };
		58D43B25192910B300FC1F11 /* Type.h */ = {isa = PBXFileReference; fileEncoding = 4; lastKnownFileType = sourcecode.c.h; path = Type.h; sourceTree = "<group>"; };
		58D43B26192910B300FC1F11 /* Type.m */ = {isa = PBXFileReference; fileEncoding = 4; lastKnownFileType = sourcecode.c.objc; path = Type.m; sourceTree = "<group>"; };
		58D43B27192910B300FC1F11 /* SecondViewController.h */ = {isa = PBXFileReference; fileEncoding = 4; lastKnownFileType = sourcecode.c.h; path = SecondViewController.h; sourceTree = "<group>"; };
		58D43B28192910B300FC1F11 /* SecondViewController.m */ = {isa = PBXFileReference; fileEncoding = 4; lastKnownFileType = sourcecode.c.objc; path = SecondViewController.m; sourceTree = "<group>"; };
		58D43B29192910B300FC1F11 /* url.plist */ = {isa = PBXFileReference; fileEncoding = 4; lastKnownFileType = text.plist.xml; path = url.plist; sourceTree = "<group>"; };
		58D43B2C192910B300FC1F11 /* config.h */ = {isa = PBXFileReference; fileEncoding = 4; lastKnownFileType = sourcecode.c.h; path = config.h; sourceTree = "<group>"; };
		58D43B2D192910B300FC1F11 /* NetWorkManager.h */ = {isa = PBXFileReference; fileEncoding = 4; lastKnownFileType = sourcecode.c.h; path = NetWorkManager.h; sourceTree = "<group>"; };
		58D43B2E192910B300FC1F11 /* NetWorkManager.m */ = {isa = PBXFileReference; fileEncoding = 4; lastKnownFileType = sourcecode.c.objc; path = NetWorkManager.m; sourceTree = "<group>"; };
		58D43B2F192910B300FC1F11 /* NSString+Price.h */ = {isa = PBXFileReference; fileEncoding = 4; lastKnownFileType = sourcecode.c.h; path = "NSString+Price.h"; sourceTree = "<group>"; };
		58D43B30192910B300FC1F11 /* NSString+Price.m */ = {isa = PBXFileReference; fileEncoding = 4; lastKnownFileType = sourcecode.c.objc; path = "NSString+Price.m"; sourceTree = "<group>"; };
		58D43B32192910B300FC1F11 /* URLManager.h */ = {isa = PBXFileReference; fileEncoding = 4; lastKnownFileType = sourcecode.c.h; path = URLManager.h; sourceTree = "<group>"; };
		58D43B33192910B300FC1F11 /* URLManager.m */ = {isa = PBXFileReference; fileEncoding = 4; lastKnownFileType = sourcecode.c.objc; path = URLManager.m; sourceTree = "<group>"; };
		58D43B34192910B300FC1F11 /* UserManager.h */ = {isa = PBXFileReference; fileEncoding = 4; lastKnownFileType = sourcecode.c.h; path = UserManager.h; sourceTree = "<group>"; };
		58D43B35192910B300FC1F11 /* UserManager.m */ = {isa = PBXFileReference; fileEncoding = 4; lastKnownFileType = sourcecode.c.objc; path = UserManager.m; sourceTree = "<group>"; };
		58D43B37192910B300FC1F11 /* ListViewController.h */ = {isa = PBXFileReference; fileEncoding = 4; lastKnownFileType = sourcecode.c.h; path = ListViewController.h; sourceTree = "<group>"; };
		58D43B38192910B300FC1F11 /* ListViewController.m */ = {isa = PBXFileReference; fileEncoding = 4; lastKnownFileType = sourcecode.c.objc; path = ListViewController.m; sourceTree = "<group>"; };
		58D43B3A192910B300FC1F11 /* BuyTableViewController.h */ = {isa = PBXFileReference; fileEncoding = 4; lastKnownFileType = sourcecode.c.h; path = BuyTableViewController.h; sourceTree = "<group>"; };
		58D43B3B192910B300FC1F11 /* BuyTableViewController.m */ = {isa = PBXFileReference; fileEncoding = 4; lastKnownFileType = sourcecode.c.objc; path = BuyTableViewController.m; sourceTree = "<group>"; };
		58D43B3C192910B300FC1F11 /* BuyViewController.h */ = {isa = PBXFileReference; fileEncoding = 4; lastKnownFileType = sourcecode.c.h; path = BuyViewController.h; sourceTree = "<group>"; };
		58D43B3D192910B300FC1F11 /* BuyViewController.m */ = {isa = PBXFileReference; fileEncoding = 4; lastKnownFileType = sourcecode.c.objc; path = BuyViewController.m; sourceTree = "<group>"; };
		58D43B3E192910B300FC1F11 /* GradeViewController.h */ = {isa = PBXFileReference; fileEncoding = 4; lastKnownFileType = sourcecode.c.h; path = GradeViewController.h; sourceTree = "<group>"; };
		58D43B3F192910B300FC1F11 /* GradeViewController.m */ = {isa = PBXFileReference; fileEncoding = 4; lastKnownFileType = sourcecode.c.objc; path = GradeViewController.m; sourceTree = "<group>"; };
		58D43B40192910B300FC1F11 /* InfoViewController.h */ = {isa = PBXFileReference; fileEncoding = 4; lastKnownFileType = sourcecode.c.h; path = InfoViewController.h; sourceTree = "<group>"; };
		58D43B41192910B300FC1F11 /* InfoViewController.m */ = {isa = PBXFileReference; fileEncoding = 4; lastKnownFileType = sourcecode.c.objc; path = InfoViewController.m; sourceTree = "<group>"; };
		58D43B43192910B300FC1F11 /* LoginViewController.h */ = {isa = PBXFileReference; fileEncoding = 4; lastKnownFileType = sourcecode.c.h; path = LoginViewController.h; sourceTree = "<group>"; };
		58D43B44192910B300FC1F11 /* LoginViewController.m */ = {isa = PBXFileReference; fileEncoding = 4; lastKnownFileType = sourcecode.c.objc; path = LoginViewController.m; sourceTree = "<group>"; };
		58D43B45192910B300FC1F11 /* OrderListViewController.h */ = {isa = PBXFileReference; fileEncoding = 4; lastKnownFileType = sourcecode.c.h; path = OrderListViewController.h; sourceTree = "<group>"; };
		58D43B46192910B300FC1F11 /* OrderListViewController.m */ = {isa = PBXFileReference; fileEncoding = 4; lastKnownFileType = sourcecode.c.objc; path = OrderListViewController.m; sourceTree = "<group>"; };
		58D43B48192910B300FC1F11 /* RegisterViewController.h */ = {isa = PBXFileReference; fileEncoding = 4; lastKnownFileType = sourcecode.c.h; path = RegisterViewController.h; sourceTree = "<group>"; };
		58D43B49192910B300FC1F11 /* RegisterViewController.m */ = {isa = PBXFileReference; fileEncoding = 4; lastKnownFileType = sourcecode.c.objc; path = RegisterViewController.m; sourceTree = "<group>"; };
		58D43B4A192910B300FC1F11 /* UserCenterViewController.h */ = {isa = PBXFileReference; fileEncoding = 4; lastKnownFileType = sourcecode.c.h; path = UserCenterViewController.h; sourceTree = "<group>"; };
		58D43B4B192910B300FC1F11 /* UserCenterViewController.m */ = {isa = PBXFileReference; fileEncoding = 4; lastKnownFileType = sourcecode.c.objc; path = UserCenterViewController.m; sourceTree = "<group>"; };
		58D43B4D192910B300FC1F11 /* DescriptionCell.h */ = {isa = PBXFileReference; fileEncoding = 4; lastKnownFileType = sourcecode.c.h; path = DescriptionCell.h; sourceTree = "<group>"; };
		58D43B4E192910B300FC1F11 /* DescriptionCell.m */ = {isa = PBXFileReference; fileEncoding = 4; lastKnownFileType = sourcecode.c.objc; path = DescriptionCell.m; sourceTree = "<group>"; };
		58D43B4F192910B300FC1F11 /* DropDownListView.h */ = {isa = PBXFileReference; fileEncoding = 4; lastKnownFileType = sourcecode.c.h; path = DropDownListView.h; sourceTree = "<group>"; };
		58D43B50192910B300FC1F11 /* DropDownListView.m */ = {isa = PBXFileReference; fileEncoding = 4; lastKnownFileType = sourcecode.c.objc; path = DropDownListView.m; sourceTree = "<group>"; };
		58D43B51192910B300FC1F11 /* ImageCell.h */ = {isa = PBXFileReference; fileEncoding = 4; lastKnownFileType = sourcecode.c.h; path = ImageCell.h; sourceTree = "<group>"; };
		58D43B52192910B300FC1F11 /* ImageCell.m */ = {isa = PBXFileReference; fileEncoding = 4; lastKnownFileType = sourcecode.c.objc; path = ImageCell.m; sourceTree = "<group>"; };
		58D43B53192910B300FC1F11 /* ImageCell.xib */ = {isa = PBXFileReference; fileEncoding = 4; lastKnownFileType = file.xib; path = ImageCell.xib; sourceTree = "<group>"; };
		58D43B54192910B300FC1F11 /* PriceLabelCell.h */ = {isa = PBXFileReference; fileEncoding = 4; lastKnownFileType = sourcecode.c.h; path = PriceLabelCell.h; sourceTree = "<group>"; };
		58D43B55192910B300FC1F11 /* PriceLabelCell.m */ = {isa = PBXFileReference; fileEncoding = 4; lastKnownFileType = sourcecode.c.objc; path = PriceLabelCell.m; sourceTree = "<group>"; };
		58D43B56192910B300FC1F11 /* PriceLabelCell.xib */ = {isa = PBXFileReference; fileEncoding = 4; lastKnownFileType = file.xib; path = PriceLabelCell.xib; sourceTree = "<group>"; };
		58D43B57192910B300FC1F11 /* StoreCell.h */ = {isa = PBXFileReference; fileEncoding = 4; lastKnownFileType = sourcecode.c.h; path = StoreCell.h; sourceTree = "<group>"; };
		58D43B58192910B300FC1F11 /* StoreCell.m */ = {isa = PBXFileReference; fileEncoding = 4; lastKnownFileType = sourcecode.c.objc; path = StoreCell.m; sourceTree = "<group>"; };
		58D43B59192910B300FC1F11 /* StoreCell.xib */ = {isa = PBXFileReference; fileEncoding = 4; lastKnownFileType = file.xib; path = StoreCell.xib; sourceTree = "<group>"; };
/* End PBXFileReference section */

/* Begin PBXFrameworksBuildPhase section */
		58D1B23718DDDDF000D06CD4 /* Frameworks */ = {
			isa = PBXFrameworksBuildPhase;
			buildActionMask = 2147483647;
			files = (
				58241A941929130A006CD0B7 /* CoreLocation.framework in Frameworks */,
				58241A9219291302006CD0B7 /* CFNetwork.framework in Frameworks */,
				58241A90192912FB006CD0B7 /* MobileCoreServices.framework in Frameworks */,
				58241A8E192912F3006CD0B7 /* SystemConfiguration.framework in Frameworks */,
				58241A8C192912EB006CD0B7 /* libz.dylib in Frameworks */,
				58D1B24018DDDDF000D06CD4 /* CoreGraphics.framework in Frameworks */,
				58D1B24218DDDDF000D06CD4 /* UIKit.framework in Frameworks */,
				58D1B23E18DDDDF000D06CD4 /* Foundation.framework in Frameworks */,
			);
			runOnlyForDeploymentPostprocessing = 0;
		};
		58D1B25B18DDDDF000D06CD4 /* Frameworks */ = {
			isa = PBXFrameworksBuildPhase;
			buildActionMask = 2147483647;
			files = (
				58D1B26018DDDDF000D06CD4 /* XCTest.framework in Frameworks */,
				58D1B26218DDDDF000D06CD4 /* UIKit.framework in Frameworks */,
				58D1B26118DDDDF000D06CD4 /* Foundation.framework in Frameworks */,
			);
			runOnlyForDeploymentPostprocessing = 0;
		};
/* End PBXFrameworksBuildPhase section */

/* Begin PBXGroup section */
		58241A6A19291235006CD0B7 /* pic */ = {
			isa = PBXGroup;
			children = (
				58241A6B19291235006CD0B7 /* 0.jpg */,
				58241A6C19291235006CD0B7 /* 001.jpg */,
				58241A6D19291235006CD0B7 /* 002.jpg */,
				58241A6E19291235006CD0B7 /* 003.jpg */,
				58241A6F19291235006CD0B7 /* 004.jpg */,
				58241A7019291235006CD0B7 /* 005.jpg */,
				58241A7119291235006CD0B7 /* 006.jpg */,
				58241A7219291235006CD0B7 /* 007.jpg */,
				58241A7319291235006CD0B7 /* 008.jpg */,
				58241A7419291235006CD0B7 /* 1.jpg */,
				58241A7519291235006CD0B7 /* 2.jpg */,
				58241A7619291235006CD0B7 /* 3.jpg */,
				58241A7719291235006CD0B7 /* 4.jpg */,
				58241A7819291235006CD0B7 /* 5.jpg */,
				58241A7919291235006CD0B7 /* user.png */,
				58241A7A19291235006CD0B7 /* userPic.jpg */,
			);
			path = pic;
			sourceTree = "<group>";
		};
		58241A9519291763006CD0B7 /* ASIHttp */ = {
			isa = PBXGroup;
			children = (
				58241A9619291763006CD0B7 /* ASIAuthenticationDialog.h */,
				58241A9719291763006CD0B7 /* ASIAuthenticationDialog.m */,
				58241A9819291763006CD0B7 /* ASICacheDelegate.h */,
				58241A9919291763006CD0B7 /* ASIDataCompressor.h */,
				58241A9A19291763006CD0B7 /* ASIDataCompressor.m */,
				58241A9B19291763006CD0B7 /* ASIDataDecompressor.h */,
				58241A9C19291763006CD0B7 /* ASIDataDecompressor.m */,
				58241A9D19291763006CD0B7 /* ASIDownloadCache.h */,
				58241A9E19291763006CD0B7 /* ASIDownloadCache.m */,
				58241A9F19291763006CD0B7 /* ASIFormDataRequest.h */,
				58241AA019291763006CD0B7 /* ASIFormDataRequest.m */,
				58241AA119291763006CD0B7 /* ASIHTTPRequest.h */,
				58241AA219291763006CD0B7 /* ASIHTTPRequest.m */,
				58241AA319291763006CD0B7 /* ASIHTTPRequestConfig.h */,
				58241AA419291763006CD0B7 /* ASIHTTPRequestDelegate.h */,
				58241AA519291763006CD0B7 /* ASIInputStream.h */,
				58241AA619291763006CD0B7 /* ASIInputStream.m */,
				58241AA719291763006CD0B7 /* ASINetworkQueue.h */,
				58241AA819291763006CD0B7 /* ASINetworkQueue.m */,
				58241AA919291763006CD0B7 /* ASIProgressDelegate.h */,
			);
			path = ASIHttp;
			sourceTree = "<group>";
		};
		58241AAA19291763006CD0B7 /* AsyncImageView */ = {
			isa = PBXGroup;
			children = (
				58241AAB19291763006CD0B7 /* AsyncImageView.h */,
				58241AAC19291763006CD0B7 /* AsyncImageView.m */,
			);
			path = AsyncImageView;
			sourceTree = "<group>";
		};
		58241AAD19291763006CD0B7 /* CycleScrollView */ = {
			isa = PBXGroup;
			children = (
				58241AAE19291763006CD0B7 /* XLCycleScrollView.h */,
				58241AAF19291763006CD0B7 /* XLCycleScrollView.m */,
			);
			path = CycleScrollView;
			sourceTree = "<group>";
		};
		58241AB019291763006CD0B7 /* JsonKit */ = {
			isa = PBXGroup;
			children = (
				58241AB119291763006CD0B7 /* JSONKit.h */,
				58241AB219291763006CD0B7 /* JSONKit.m */,
			);
			path = JsonKit;
			sourceTree = "<group>";
		};
		58241AB319291763006CD0B7 /* Reachability */ = {
			isa = PBXGroup;
			children = (
				58241AB419291763006CD0B7 /* Reachability.h */,
				58241AB519291763006CD0B7 /* Reachability.m */,
			);
			path = Reachability;
			sourceTree = "<group>";
		};
		58241AB619291763006CD0B7 /* StatusView */ = {
			isa = PBXGroup;
			children = (
				58241AB719291763006CD0B7 /* StatusView.h */,
				58241AB819291763006CD0B7 /* StatusView.m */,
			);
			path = StatusView;
			sourceTree = "<group>";
		};
		58241AB919291763006CD0B7 /* TQStarRating */ = {
			isa = PBXGroup;
			children = (
				58241ABA19291763006CD0B7 /* Image */,
				58241AC519291763006CD0B7 /* TQStarRatingView.h */,
				58241AC619291763006CD0B7 /* TQStarRatingView.m */,
			);
			path = TQStarRating;
			sourceTree = "<group>";
		};
		58241ABA19291763006CD0B7 /* Image */ = {
			isa = PBXGroup;
			children = (
				58241ABB19291763006CD0B7 /* backgroundStar.png */,
				58241ABC19291763006CD0B7 /* backgroundStar1.png */,
				58241ABD19291763006CD0B7 /* backgroundStar1@2x.png */,
				58241ABE19291763006CD0B7 /* backgroundStar2.png */,
				58241ABF19291763006CD0B7 /* backgroundStar2@2x.png */,
				58241AC019291763006CD0B7 /* backgroundStar@2x.png */,
				58241AC119291763006CD0B7 /* foregroundStar.png */,
				58241AC219291763006CD0B7 /* foregroundStar1@2x副本.png */,
				58241AC319291763006CD0B7 /* foregroundStar1副本.png */,
				58241AC419291763006CD0B7 /* foregroundStar@2x.png */,
			);
			path = Image;
			sourceTree = "<group>";
		};
		58D1B23118DDDDF000D06CD4 = {
			isa = PBXGroup;
			children = (
				58D1B24318DDDDF000D06CD4 /* LifeCircle */,
				58D1B26518DDDDF000D06CD4 /* LifeCircleTests */,
				58D1B23C18DDDDF000D06CD4 /* Frameworks */,
				58D1B23B18DDDDF000D06CD4 /* Products */,
			);
			sourceTree = "<group>";
		};
		58D1B23B18DDDDF000D06CD4 /* Products */ = {
			isa = PBXGroup;
			children = (
				58D1B23A18DDDDF000D06CD4 /* LifeCircle.app */,
				58D1B25E18DDDDF000D06CD4 /* LifeCircleTests.xctest */,
			);
			name = Products;
			sourceTree = "<group>";
		};
		58D1B23C18DDDDF000D06CD4 /* Frameworks */ = {
			isa = PBXGroup;
			children = (
				58241A931929130A006CD0B7 /* CoreLocation.framework */,
				58241A9119291302006CD0B7 /* CFNetwork.framework */,
				58241A8F192912FB006CD0B7 /* MobileCoreServices.framework */,
				58241A8D192912F3006CD0B7 /* SystemConfiguration.framework */,
				58241A8B192912EB006CD0B7 /* libz.dylib */,
				58D1B23D18DDDDF000D06CD4 /* Foundation.framework */,
				58D1B23F18DDDDF000D06CD4 /* CoreGraphics.framework */,
				58D1B24118DDDDF000D06CD4 /* UIKit.framework */,
				58D1B25F18DDDDF000D06CD4 /* XCTest.framework */,
			);
			name = Frameworks;
			sourceTree = "<group>";
		};
		58D1B24318DDDDF000D06CD4 /* LifeCircle */ = {
			isa = PBXGroup;
			children = (
				58D43A97192910B300FC1F11 /* AppDelegate.h */,
				58D43A98192910B300FC1F11 /* AppDelegate.m */,
				58D43A99192910B300FC1F11 /* Base.lproj */,
				58D43A9C192910B300FC1F11 /* Main.storyboard */,
				58D43A9E192910B300FC1F11 /* DescriptionCell.xib */,
				58D43A9F192910B300FC1F11 /* en.lproj */,
				58D43AA3192910B300FC1F11 /* img */,
				58D43AB4192910B300FC1F11 /* IndexViewController.h */,
				58D43AB5192910B300FC1F11 /* IndexViewController.m */,
				58D43AB6192910B300FC1F11 /* libs */,
				58D43B19192910B300FC1F11 /* LifeCircle-Info.plist */,
				58D43B1A192910B300FC1F11 /* LifeCircle-Prefix.pch */,
				58D43B1B192910B300FC1F11 /* main.m */,
				58D43B1C192910B300FC1F11 /* model */,
				58D43B27192910B300FC1F11 /* SecondViewController.h */,
				58D43B28192910B300FC1F11 /* SecondViewController.m */,
				58D43B29192910B300FC1F11 /* url.plist */,
				58D43B2A192910B300FC1F11 /* Utils */,
				58D43B36192910B300FC1F11 /* VC */,
				58D43B4C192910B300FC1F11 /* view */,
				58D1B25818DDDDF000D06CD4 /* Images.xcassets */,
			);
			path = LifeCircle;
			sourceTree = "<group>";
		};
		58D1B26518DDDDF000D06CD4 /* LifeCircleTests */ = {
			isa = PBXGroup;
			children = (
				58D1B26B18DDDDF000D06CD4 /* LifeCircleTests.m */,
				58D1B26618DDDDF000D06CD4 /* Supporting Files */,
			);
			path = LifeCircleTests;
			sourceTree = "<group>";
		};
		58D1B26618DDDDF000D06CD4 /* Supporting Files */ = {
			isa = PBXGroup;
			children = (
				58D1B26718DDDDF000D06CD4 /* LifeCircleTests-Info.plist */,
				58D1B26818DDDDF000D06CD4 /* InfoPlist.strings */,
			);
			name = "Supporting Files";
			sourceTree = "<group>";
		};
		58D43A99192910B300FC1F11 /* Base.lproj */ = {
			isa = PBXGroup;
			children = (
				58D43A9A192910B300FC1F11 /* Main.storyboard */,
			);
			path = Base.lproj;
			sourceTree = "<group>";
		};
		58D43A9F192910B300FC1F11 /* en.lproj */ = {
			isa = PBXGroup;
			children = (
				58D43AA0192910B300FC1F11 /* InfoPlist.strings */,
			);
			path = en.lproj;
			sourceTree = "<group>";
		};
		58D43AA3192910B300FC1F11 /* img */ = {
			isa = PBXGroup;
			children = (
				58241A6A19291235006CD0B7 /* pic */,
				58D43AA4192910B300FC1F11 /* icon */,
			);
			path = img;
			sourceTree = "<group>";
		};
		58D43AA4192910B300FC1F11 /* icon */ = {
			isa = PBXGroup;
			children = (
				58D43AA5192910B300FC1F11 /* 0.png */,
				58D43AA6192910B300FC1F11 /* 0@2x.png */,
				58D43AA7192910B300FC1F11 /* 1.png */,
				58D43AA8192910B300FC1F11 /* 1@2x.png */,
				58D43AA9192910B300FC1F11 /* 2.png */,
				58D43AAA192910B300FC1F11 /* 2@2x.png */,
				58D43AAB192910B300FC1F11 /* 3.png */,
				58D43AAC192910B300FC1F11 /* 3@2x.png */,
				58D43AAD192910B300FC1F11 /* around.png */,
				58D43AAE192910B300FC1F11 /* home.png */,
				58D43AAF192910B300FC1F11 /* home@2x.png */,
				58D43AB0192910B300FC1F11 /* map.png */,
				58D43AB1192910B300FC1F11 /* search.png */,
				58D43AB2192910B300FC1F11 /* user.png */,
				58D43AB3192910B300FC1F11 /* user@2x.png */,
			);
			path = icon;
			sourceTree = "<group>";
		};
		58D43AB6192910B300FC1F11 /* libs */ = {
			isa = PBXGroup;
			children = (
				58241A9519291763006CD0B7 /* ASIHttp */,
				58241AAA19291763006CD0B7 /* AsyncImageView */,
				58241AAD19291763006CD0B7 /* CycleScrollView */,
				58241AB019291763006CD0B7 /* JsonKit */,
				58241AB319291763006CD0B7 /* Reachability */,
				58241AB619291763006CD0B7 /* StatusView */,
				58241AB919291763006CD0B7 /* TQStarRating */,
			);
			path = libs;
			sourceTree = "<group>";
		};
		58D43B1C192910B300FC1F11 /* model */ = {
			isa = PBXGroup;
			children = (
				58D43B1D192910B300FC1F11 /* City.h */,
				58D43B1E192910B300FC1F11 /* City.m */,
				58D43B1F192910B300FC1F11 /* Order.h */,
				58D43B20192910B300FC1F11 /* Order.m */,
				58D43B21192910B300FC1F11 /* Product.h */,
				58D43B22192910B300FC1F11 /* Product.m */,
				58D43B23192910B300FC1F11 /* Store.h */,
				58D43B24192910B300FC1F11 /* Store.m */,
				58D43B25192910B300FC1F11 /* Type.h */,
				58D43B26192910B300FC1F11 /* Type.m */,
			);
			path = model;
			sourceTree = "<group>";
		};
		58D43B2A192910B300FC1F11 /* Utils */ = {
			isa = PBXGroup;
			children = (
				58D43B2B192910B300FC1F11 /* ASIHttp */,
				58D43B2C192910B300FC1F11 /* config.h */,
				58D43B2D192910B300FC1F11 /* NetWorkManager.h */,
				58D43B2E192910B300FC1F11 /* NetWorkManager.m */,
				58D43B2F192910B300FC1F11 /* NSString+Price.h */,
				58D43B30192910B300FC1F11 /* NSString+Price.m */,
				58D43B31192910B300FC1F11 /* Reachability */,
				58D43B32192910B300FC1F11 /* URLManager.h */,
				58D43B33192910B300FC1F11 /* URLManager.m */,
				58D43B34192910B300FC1F11 /* UserManager.h */,
				58D43B35192910B300FC1F11 /* UserManager.m */,
			);
			path = Utils;
			sourceTree = "<group>";
		};
		58D43B2B192910B300FC1F11 /* ASIHttp */ = {
			isa = PBXGroup;
			children = (
			);
			path = ASIHttp;
			sourceTree = "<group>";
		};
		58D43B31192910B300FC1F11 /* Reachability */ = {
			isa = PBXGroup;
			children = (
			);
			path = Reachability;
			sourceTree = "<group>";
		};
		58D43B36192910B300FC1F11 /* VC */ = {
			isa = PBXGroup;
			children = (
				58D43B37192910B300FC1F11 /* ListViewController.h */,
				58D43B38192910B300FC1F11 /* ListViewController.m */,
				58D43B39192910B300FC1F11 /* product */,
				58D43B42192910B300FC1F11 /* User */,
			);
			path = VC;
			sourceTree = "<group>";
		};
		58D43B39192910B300FC1F11 /* product */ = {
			isa = PBXGroup;
			children = (
				58D43B3A192910B300FC1F11 /* BuyTableViewController.h */,
				58D43B3B192910B300FC1F11 /* BuyTableViewController.m */,
				58D43B3C192910B300FC1F11 /* BuyViewController.h */,
				58D43B3D192910B300FC1F11 /* BuyViewController.m */,
				58D43B3E192910B300FC1F11 /* GradeViewController.h */,
				58D43B3F192910B300FC1F11 /* GradeViewController.m */,
				58D43B40192910B300FC1F11 /* InfoViewController.h */,
				58D43B41192910B300FC1F11 /* InfoViewController.m */,
			);
			path = product;
			sourceTree = "<group>";
		};
		58D43B42192910B300FC1F11 /* User */ = {
			isa = PBXGroup;
			children = (
				58D43B43192910B300FC1F11 /* LoginViewController.h */,
				58D43B44192910B300FC1F11 /* LoginViewController.m */,
				58D43B45192910B300FC1F11 /* OrderListViewController.h */,
				58D43B46192910B300FC1F11 /* OrderListViewController.m */,
				58D43B47192910B300FC1F11 /* product */,
				58D43B48192910B300FC1F11 /* RegisterViewController.h */,
				58D43B49192910B300FC1F11 /* RegisterViewController.m */,
				58D43B4A192910B300FC1F11 /* UserCenterViewController.h */,
				58D43B4B192910B300FC1F11 /* UserCenterViewController.m */,
			);
			path = User;
			sourceTree = "<group>";
		};
		58D43B47192910B300FC1F11 /* product */ = {
			isa = PBXGroup;
			children = (
			);
			path = product;
			sourceTree = "<group>";
		};
		58D43B4C192910B300FC1F11 /* view */ = {
			isa = PBXGroup;
			children = (
				58D43B4D192910B300FC1F11 /* DescriptionCell.h */,
				58D43B4E192910B300FC1F11 /* DescriptionCell.m */,
				58D43B4F192910B300FC1F11 /* DropDownListView.h */,
				58D43B50192910B300FC1F11 /* DropDownListView.m */,
				58D43B51192910B300FC1F11 /* ImageCell.h */,
				58D43B52192910B300FC1F11 /* ImageCell.m */,
				58D43B53192910B300FC1F11 /* ImageCell.xib */,
				58D43B54192910B300FC1F11 /* PriceLabelCell.h */,
				58D43B55192910B300FC1F11 /* PriceLabelCell.m */,
				58D43B56192910B300FC1F11 /* PriceLabelCell.xib */,
				58D43B57192910B300FC1F11 /* StoreCell.h */,
				58D43B58192910B300FC1F11 /* StoreCell.m */,
				58D43B59192910B300FC1F11 /* StoreCell.xib */,
			);
			path = view;
			sourceTree = "<group>";
		};
/* End PBXGroup section */

/* Begin PBXNativeTarget section */
		58D1B23918DDDDF000D06CD4 /* LifeCircle */ = {
			isa = PBXNativeTarget;
			buildConfigurationList = 58D1B26F18DDDDF000D06CD4 /* Build configuration list for PBXNativeTarget "LifeCircle" */;
			buildPhases = (
				58D1B23618DDDDF000D06CD4 /* Sources */,
				58D1B23718DDDDF000D06CD4 /* Frameworks */,
				58D1B23818DDDDF000D06CD4 /* Resources */,
			);
			buildRules = (
			);
			dependencies = (
			);
			name = LifeCircle;
			productName = LifeCircle;
			productReference = 58D1B23A18DDDDF000D06CD4 /* LifeCircle.app */;
			productType = "com.apple.product-type.application";
		};
		58D1B25D18DDDDF000D06CD4 /* LifeCircleTests */ = {
			isa = PBXNativeTarget;
			buildConfigurationList = 58D1B27218DDDDF000D06CD4 /* Build configuration list for PBXNativeTarget "LifeCircleTests" */;
			buildPhases = (
				58D1B25A18DDDDF000D06CD4 /* Sources */,
				58D1B25B18DDDDF000D06CD4 /* Frameworks */,
				58D1B25C18DDDDF000D06CD4 /* Resources */,
			);
			buildRules = (
			);
			dependencies = (
				58D1B26418DDDDF000D06CD4 /* PBXTargetDependency */,
			);
			name = LifeCircleTests;
			productName = LifeCircleTests;
			productReference = 58D1B25E18DDDDF000D06CD4 /* LifeCircleTests.xctest */;
			productType = "com.apple.product-type.bundle.unit-test";
		};
/* End PBXNativeTarget section */

/* Begin PBXProject section */
		58D1B23218DDDDF000D06CD4 /* Project object */ = {
			isa = PBXProject;
			attributes = {
				LastUpgradeCheck = 0500;
				ORGANIZATIONNAME = "Jiawen Wang";
				TargetAttributes = {
					58D1B25D18DDDDF000D06CD4 = {
						TestTargetID = 58D1B23918DDDDF000D06CD4;
					};
				};
			};
			buildConfigurationList = 58D1B23518DDDDF000D06CD4 /* Build configuration list for PBXProject "LifeCircle" */;
			compatibilityVersion = "Xcode 3.2";
			developmentRegion = English;
			hasScannedForEncodings = 0;
			knownRegions = (
				en,
				Base,
			);
			mainGroup = 58D1B23118DDDDF000D06CD4;
			productRefGroup = 58D1B23B18DDDDF000D06CD4 /* Products */;
			projectDirPath = "";
			projectRoot = "";
			targets = (
				58D1B23918DDDDF000D06CD4 /* LifeCircle */,
				58D1B25D18DDDDF000D06CD4 /* LifeCircleTests */,
			);
		};
/* End PBXProject section */

/* Begin PBXResourcesBuildPhase section */
		58D1B23818DDDDF000D06CD4 /* Resources */ = {
			isa = PBXResourcesBuildPhase;
			buildActionMask = 2147483647;
			files = (
				58D43B6B192910B300FC1F11 /* map.png in Resources */,
				58241A8619291235006CD0B7 /* 3.jpg in Resources */,
				58241A8319291235006CD0B7 /* 008.jpg in Resources */,
				58241ADD19291763006CD0B7 /* foregroundStar@2x.png in Resources */,
				58241A8219291235006CD0B7 /* 007.jpg in Resources */,
				58241ADC19291763006CD0B7 /* foregroundStar1副本.png in Resources */,
				58D43B64192910B300FC1F11 /* 2.png in Resources */,
				58D43B62192910B300FC1F11 /* 1.png in Resources */,
				58241A7F19291235006CD0B7 /* 004.jpg in Resources */,
				58241A8519291235006CD0B7 /* 2.jpg in Resources */,
				58241ADA19291763006CD0B7 /* foregroundStar.png in Resources */,
				58D43B5D192910B300FC1F11 /* DescriptionCell.xib in Resources */,
				58241ADB19291763006CD0B7 /* foregroundStar1@2x副本.png in Resources */,
				58241A8419291235006CD0B7 /* 1.jpg in Resources */,
				58D43BA0192910B300FC1F11 /* LifeCircle-Info.plist in Resources */,
				58D43B65192910B300FC1F11 /* 2@2x.png in Resources */,
				58D43B69192910B300FC1F11 /* home.png in Resources */,
				58241A8019291235006CD0B7 /* 005.jpg in Resources */,
				58241A8819291235006CD0B7 /* 5.jpg in Resources */,
				58D43B6D192910B300FC1F11 /* user.png in Resources */,
				58D43B63192910B300FC1F11 /* 1@2x.png in Resources */,
				58D43B6C192910B300FC1F11 /* search.png in Resources */,
				58241A8719291235006CD0B7 /* 4.jpg in Resources */,
				58241A8919291235006CD0B7 /* user.png in Resources */,
				58D43BBB192910B300FC1F11 /* PriceLabelCell.xib in Resources */,
				58D43BB9192910B300FC1F11 /* ImageCell.xib in Resources */,
				58D43B5C192910B300FC1F11 /* Main.storyboard in Resources */,
				58D1B25918DDDDF000D06CD4 /* Images.xcassets in Resources */,
				58D43B60192910B300FC1F11 /* 0.png in Resources */,
				58241AD519291763006CD0B7 /* backgroundStar1.png in Resources */,
				58D43B66192910B300FC1F11 /* 3.png in Resources */,
				58241AD919291763006CD0B7 /* backgroundStar@2x.png in Resources */,
				58241AD819291763006CD0B7 /* backgroundStar2@2x.png in Resources */,
				58D43B61192910B300FC1F11 /* 0@2x.png in Resources */,
				58D43B68192910B300FC1F11 /* around.png in Resources */,
				58D43B5B192910B300FC1F11 /* Main.storyboard in Resources */,
				58241A7B19291235006CD0B7 /* 0.jpg in Resources */,
				58D43B6A192910B300FC1F11 /* home@2x.png in Resources */,
				58241A8119291235006CD0B7 /* 006.jpg in Resources */,
				58241AD619291763006CD0B7 /* backgroundStar1@2x.png in Resources */,
				58241A8A19291235006CD0B7 /* userPic.jpg in Resources */,
				58241A7E19291235006CD0B7 /* 003.jpg in Resources */,
				58241A7C19291235006CD0B7 /* 001.jpg in Resources */,
				58241AD719291763006CD0B7 /* backgroundStar2.png in Resources */,
				58D43B6E192910B300FC1F11 /* user@2x.png in Resources */,
				58D43BBD192910B300FC1F11 /* StoreCell.xib in Resources */,
				58D43B67192910B300FC1F11 /* 3@2x.png in Resources */,
				58241A7D19291235006CD0B7 /* 002.jpg in Resources */,
				58241AD419291763006CD0B7 /* backgroundStar.png in Resources */,
				58D43B5E192910B300FC1F11 /* InfoPlist.strings in Resources */,
				58D43BA8192910B300FC1F11 /* url.plist in Resources */,
			);
			runOnlyForDeploymentPostprocessing = 0;
		};
		58D1B25C18DDDDF000D06CD4 /* Resources */ = {
			isa = PBXResourcesBuildPhase;
			buildActionMask = 2147483647;
			files = (
				58D1B26A18DDDDF000D06CD4 /* InfoPlist.strings in Resources */,
			);
			runOnlyForDeploymentPostprocessing = 0;
		};
/* End PBXResourcesBuildPhase section */

/* Begin PBXSourcesBuildPhase section */
		58D1B23618DDDDF000D06CD4 /* Sources */ = {
			isa = PBXSourcesBuildPhase;
			buildActionMask = 2147483647;
			files = (
				58D43BB8192910B300FC1F11 /* ImageCell.m in Sources */,
				58D43BAD192910B300FC1F11 /* ListViewController.m in Sources */,
				58241ACD19291763006CD0B7 /* ASIInputStream.m in Sources */,
				58D43BA5192910B300FC1F11 /* Store.m in Sources */,
				58241ACB19291763006CD0B7 /* ASIFormDataRequest.m in Sources */,
				58D43BA7192910B300FC1F11 /* SecondViewController.m in Sources */,
				58241ACC19291763006CD0B7 /* ASIHTTPRequest.m in Sources */,
				58D43BB5192910B300FC1F11 /* UserCenterViewController.m in Sources */,
				58241AC819291763006CD0B7 /* ASIDataCompressor.m in Sources */,
				58241AC719291763006CD0B7 /* ASIAuthenticationDialog.m in Sources */,
				58241ACA19291763006CD0B7 /* ASIDownloadCache.m in Sources */,
				58D43BA4192910B300FC1F11 /* Product.m in Sources */,
				58D43BAE192910B300FC1F11 /* BuyTableViewController.m in Sources */,
				58241AD219291763006CD0B7 /* Reachability.m in Sources */,
				58D43BB6192910B300FC1F11 /* DescriptionCell.m in Sources */,
				58D43BB1192910B300FC1F11 /* InfoViewController.m in Sources */,
				58D43B5A192910B300FC1F11 /* AppDelegate.m in Sources */,
				58241AD119291763006CD0B7 /* JSONKit.m in Sources */,
				58D43BA3192910B300FC1F11 /* Order.m in Sources */,
				58D43BA9192910B300FC1F11 /* NetWorkManager.m in Sources */,
				58D43BA1192910B300FC1F11 /* main.m in Sources */,
				58241ACF19291763006CD0B7 /* AsyncImageView.m in Sources */,
				58241AD319291763006CD0B7 /* StatusView.m in Sources */,
				58D43BB4192910B300FC1F11 /* RegisterViewController.m in Sources */,
				58D43BAF192910B300FC1F11 /* BuyViewController.m in Sources */,
				58D43BBC192910B300FC1F11 /* StoreCell.m in Sources */,
				58D43BAA192910B300FC1F11 /* NSString+Price.m in Sources */,
				58D43BAC192910B300FC1F11 /* UserManager.m in Sources */,
				58241ADE19291763006CD0B7 /* TQStarRatingView.m in Sources */,
				58241ACE19291763006CD0B7 /* ASINetworkQueue.m in Sources */,
				58D43BAB192910B300FC1F11 /* URLManager.m in Sources */,
				58D43BBA192910B300FC1F11 /* PriceLabelCell.m in Sources */,
				58D43BB7192910B300FC1F11 /* DropDownListView.m in Sources */,
				58D43BA2192910B300FC1F11 /* City.m in Sources */,
				58D43BA6192910B300FC1F11 /* Type.m in Sources */,
				58D43BB3192910B300FC1F11 /* OrderListViewController.m in Sources */,
				58241AD019291763006CD0B7 /* XLCycleScrollView.m in Sources */,
				58D43B6F192910B300FC1F11 /* IndexViewController.m in Sources */,
				58D43BB2192910B300FC1F11 /* LoginViewController.m in Sources */,
				58D43BB0192910B300FC1F11 /* GradeViewController.m in Sources */,
				58241AC919291763006CD0B7 /* ASIDataDecompressor.m in Sources */,
			);
			runOnlyForDeploymentPostprocessing = 0;
		};
		58D1B25A18DDDDF000D06CD4 /* Sources */ = {
			isa = PBXSourcesBuildPhase;
			buildActionMask = 2147483647;
			files = (
				58D1B26C18DDDDF000D06CD4 /* LifeCircleTests.m in Sources */,
			);
			runOnlyForDeploymentPostprocessing = 0;
		};
/* End PBXSourcesBuildPhase section */

/* Begin PBXTargetDependency section */
		58D1B26418DDDDF000D06CD4 /* PBXTargetDependency */ = {
			isa = PBXTargetDependency;
			target = 58D1B23918DDDDF000D06CD4 /* LifeCircle */;
			targetProxy = 58D1B26318DDDDF000D06CD4 /* PBXContainerItemProxy */;
		};
/* End PBXTargetDependency section */

/* Begin PBXVariantGroup section */
		58D1B26818DDDDF000D06CD4 /* InfoPlist.strings */ = {
			isa = PBXVariantGroup;
			children = (
				58D1B26918DDDDF000D06CD4 /* en */,
			);
			name = InfoPlist.strings;
			sourceTree = "<group>";
		};
		58D43A9A192910B300FC1F11 /* Main.storyboard */ = {
			isa = PBXVariantGroup;
			children = (
				58D43A9B192910B300FC1F11 /* Base */,
			);
			name = Main.storyboard;
			sourceTree = "<group>";
		};
		58D43A9C192910B300FC1F11 /* Main.storyboard */ = {
			isa = PBXVariantGroup;
			children = (
				58D43A9D192910B300FC1F11 /* Base */,
			);
			name = Main.storyboard;
			sourceTree = "<group>";
		};
		58D43AA0192910B300FC1F11 /* InfoPlist.strings */ = {
			isa = PBXVariantGroup;
			children = (
				58D43AA1192910B300FC1F11 /* en */,
			);
			name = InfoPlist.strings;
			sourceTree = "<group>";
		};
/* End PBXVariantGroup section */

/* Begin XCBuildConfiguration section */
		58D1B26D18DDDDF000D06CD4 /* Debug */ = {
			isa = XCBuildConfiguration;
			buildSettings = {
				ALWAYS_SEARCH_USER_PATHS = NO;
				ARCHS = "$(ARCHS_STANDARD_INCLUDING_64_BIT)";
				CLANG_CXX_LANGUAGE_STANDARD = "gnu++0x";
				CLANG_CXX_LIBRARY = "libc++";
				CLANG_ENABLE_MODULES = YES;
				CLANG_ENABLE_OBJC_ARC = YES;
				CLANG_WARN_BOOL_CONVERSION = YES;
				CLANG_WARN_CONSTANT_CONVERSION = YES;
				CLANG_WARN_DIRECT_OBJC_ISA_USAGE = YES_ERROR;
				CLANG_WARN_EMPTY_BODY = YES;
				CLANG_WARN_ENUM_CONVERSION = YES;
				CLANG_WARN_INT_CONVERSION = YES;
				CLANG_WARN_OBJC_ROOT_CLASS = YES_ERROR;
				CLANG_WARN__DUPLICATE_METHOD_MATCH = YES;
				"CODE_SIGN_IDENTITY[sdk=iphoneos*]" = "iPhone Developer";
				COPY_PHASE_STRIP = NO;
				GCC_C_LANGUAGE_STANDARD = gnu99;
				GCC_DYNAMIC_NO_PIC = NO;
				GCC_OPTIMIZATION_LEVEL = 0;
				GCC_PREPROCESSOR_DEFINITIONS = (
					"DEBUG=1",
					"$(inherited)",
				);
				GCC_SYMBOLS_PRIVATE_EXTERN = NO;
				GCC_WARN_64_TO_32_BIT_CONVERSION = YES;
				GCC_WARN_ABOUT_RETURN_TYPE = YES_ERROR;
				GCC_WARN_UNDECLARED_SELECTOR = YES;
				GCC_WARN_UNINITIALIZED_AUTOS = YES;
				GCC_WARN_UNUSED_FUNCTION = YES;
				GCC_WARN_UNUSED_VARIABLE = YES;
				IPHONEOS_DEPLOYMENT_TARGET = 7.0;
				ONLY_ACTIVE_ARCH = YES;
				SDKROOT = iphoneos;
			};
			name = Debug;
		};
		58D1B26E18DDDDF000D06CD4 /* Release */ = {
			isa = XCBuildConfiguration;
			buildSettings = {
				ALWAYS_SEARCH_USER_PATHS = NO;
				ARCHS = "$(ARCHS_STANDARD_INCLUDING_64_BIT)";
				CLANG_CXX_LANGUAGE_STANDARD = "gnu++0x";
				CLANG_CXX_LIBRARY = "libc++";
				CLANG_ENABLE_MODULES = YES;
				CLANG_ENABLE_OBJC_ARC = YES;
				CLANG_WARN_BOOL_CONVERSION = YES;
				CLANG_WARN_CONSTANT_CONVERSION = YES;
				CLANG_WARN_DIRECT_OBJC_ISA_USAGE = YES_ERROR;
				CLANG_WARN_EMPTY_BODY = YES;
				CLANG_WARN_ENUM_CONVERSION = YES;
				CLANG_WARN_INT_CONVERSION = YES;
				CLANG_WARN_OBJC_ROOT_CLASS = YES_ERROR;
				CLANG_WARN__DUPLICATE_METHOD_MATCH = YES;
				"CODE_SIGN_IDENTITY[sdk=iphoneos*]" = "iPhone Developer";
				COPY_PHASE_STRIP = YES;
				ENABLE_NS_ASSERTIONS = NO;
				GCC_C_LANGUAGE_STANDARD = gnu99;
				GCC_WARN_64_TO_32_BIT_CONVERSION = YES;
				GCC_WARN_ABOUT_RETURN_TYPE = YES_ERROR;
				GCC_WARN_UNDECLARED_SELECTOR = YES;
				GCC_WARN_UNINITIALIZED_AUTOS = YES;
				GCC_WARN_UNUSED_FUNCTION = YES;
				GCC_WARN_UNUSED_VARIABLE = YES;
				IPHONEOS_DEPLOYMENT_TARGET = 7.0;
				SDKROOT = iphoneos;
				VALIDATE_PRODUCT = YES;
			};
			name = Release;
		};
		58D1B27018DDDDF000D06CD4 /* Debug */ = {
			isa = XCBuildConfiguration;
			buildSettings = {
				ASSETCATALOG_COMPILER_APPICON_NAME = AppIcon;
				ASSETCATALOG_COMPILER_LAUNCHIMAGE_NAME = LaunchImage;
				GCC_PRECOMPILE_PREFIX_HEADER = YES;
				GCC_PREFIX_HEADER = "LifeCircle/LifeCircle-Prefix.pch";
				INFOPLIST_FILE = "LifeCircle/LifeCircle-Info.plist";
				IPHONEOS_DEPLOYMENT_TARGET = 6.0;
				PRODUCT_NAME = "$(TARGET_NAME)";
				WRAPPER_EXTENSION = app;
			};
			name = Debug;
		};
		58D1B27118DDDDF000D06CD4 /* Release */ = {
			isa = XCBuildConfiguration;
			buildSettings = {
				ASSETCATALOG_COMPILER_APPICON_NAME = AppIcon;
				ASSETCATALOG_COMPILER_LAUNCHIMAGE_NAME = LaunchImage;
				GCC_PRECOMPILE_PREFIX_HEADER = YES;
				GCC_PREFIX_HEADER = "LifeCircle/LifeCircle-Prefix.pch";
				INFOPLIST_FILE = "LifeCircle/LifeCircle-Info.plist";
				IPHONEOS_DEPLOYMENT_TARGET = 6.0;
				PRODUCT_NAME = "$(TARGET_NAME)";
				WRAPPER_EXTENSION = app;
			};
			name = Release;
		};
		58D1B27318DDDDF000D06CD4 /* Debug */ = {
			isa = XCBuildConfiguration;
			buildSettings = {
				ARCHS = "$(ARCHS_STANDARD_INCLUDING_64_BIT)";
				BUNDLE_LOADER = "$(BUILT_PRODUCTS_DIR)/LifeCircle.app/LifeCircle";
				FRAMEWORK_SEARCH_PATHS = (
					"$(SDKROOT)/Developer/Library/Frameworks",
					"$(inherited)",
					"$(DEVELOPER_FRAMEWORKS_DIR)",
				);
				GCC_PRECOMPILE_PREFIX_HEADER = YES;
				GCC_PREFIX_HEADER = "LifeCircle/LifeCircle-Prefix.pch";
				GCC_PREPROCESSOR_DEFINITIONS = (
					"DEBUG=1",
					"$(inherited)",
				);
				INFOPLIST_FILE = "LifeCircleTests/LifeCircleTests-Info.plist";
				PRODUCT_NAME = "$(TARGET_NAME)";
				TEST_HOST = "$(BUNDLE_LOADER)";
				WRAPPER_EXTENSION = xctest;
			};
			name = Debug;
		};
		58D1B27418DDDDF000D06CD4 /* Release */ = {
			isa = XCBuildConfiguration;
			buildSettings = {
				ARCHS = "$(ARCHS_STANDARD_INCLUDING_64_BIT)";
				BUNDLE_LOADER = "$(BUILT_PRODUCTS_DIR)/LifeCircle.app/LifeCircle";
				FRAMEWORK_SEARCH_PATHS = (
					"$(SDKROOT)/Developer/Library/Frameworks",
					"$(inherited)",
					"$(DEVELOPER_FRAMEWORKS_DIR)",
				);
				GCC_PRECOMPILE_PREFIX_HEADER = YES;
				GCC_PREFIX_HEADER = "LifeCircle/LifeCircle-Prefix.pch";
				INFOPLIST_FILE = "LifeCircleTests/LifeCircleTests-Info.plist";
				PRODUCT_NAME = "$(TARGET_NAME)";
				TEST_HOST = "$(BUNDLE_LOADER)";
				WRAPPER_EXTENSION = xctest;
			};
			name = Release;
		};
/* End XCBuildConfiguration section */

/* Begin XCConfigurationList section */
		58D1B23518DDDDF000D06CD4 /* Build configuration list for PBXProject "LifeCircle" */ = {
			isa = XCConfigurationList;
			buildConfigurations = (
				58D1B26D18DDDDF000D06CD4 /* Debug */,
				58D1B26E18DDDDF000D06CD4 /* Release */,
			);
			defaultConfigurationIsVisible = 0;
			defaultConfigurationName = Release;
		};
		58D1B26F18DDDDF000D06CD4 /* Build configuration list for PBXNativeTarget "LifeCircle" */ = {
			isa = XCConfigurationList;
			buildConfigurations = (
				58D1B27018DDDDF000D06CD4 /* Debug */,
				58D1B27118DDDDF000D06CD4 /* Release */,
			);
			defaultConfigurationIsVisible = 0;
			defaultConfigurationName = Release;
		};
		58D1B27218DDDDF000D06CD4 /* Build configuration list for PBXNativeTarget "LifeCircleTests" */ = {
			isa = XCConfigurationList;
			buildConfigurations = (
				58D1B27318DDDDF000D06CD4 /* Debug */,
				58D1B27418DDDDF000D06CD4 /* Release */,
			);
			defaultConfigurationIsVisible = 0;
			defaultConfigurationName = Release;
		};
/* End XCConfigurationList section */
	};
	rootObject = 58D1B23218DDDDF000D06CD4 /* Project object */;
}
